{"is_source_file": false, "format": "", "description": "", "external_files": [], "external_methods": [], "published": [], "classes": [], "methods": [], "calls": [], "search-terms": [], "state": 2, "file_id": 15, "knowledge_revision": 41, "git_revision": "fc66f4217b63adcc6f5827851f213c4dd5c511db", "hash": "9c4ed7ef73e22b872b8055bec08b8979", "format-version": 4, "code-base-name": "default", "filename": "chess_master_pro/post_process_status.lock", "revision_history": [{"41": "fc66f4217b63adcc6f5827851f213c4dd5c511db"}]}