{"is_source_file": false, "format": "", "description": "", "external_files": [], "external_methods": [], "published": [], "classes": [], "methods": [], "calls": [], "search-terms": [], "state": 2, "file_id": 10, "knowledge_revision": 30, "git_revision": "ee7cee7507492812ecf4ec0e3007ad9935d28a1c", "hash": "9c4ed7ef73e22b872b8055bec08b8979", "format-version": 4, "code-base-name": "default", "filename": "chess_game/post_process_status.lock", "revision_history": [{"30": "ee7cee7507492812ecf4ec0e3007ad9935d28a1c"}]}